
Microsoft Visual Studio Solution File, Format Version 12.00
# Visual Studio 15
VisualStudioVersion = 15.0.28307.572
MinimumVisualStudioVersion = 10.0.40219.1
Project("{FAE04EC0-301F-11D3-BF4B-00C04F79EFBC}") = "HerreraPlanCheck", "HerreraPlanCheck\HerreraPlanCheck.csproj", "{ED5E7453-09D1-4E86-9E7D-761661B39FD6}"
EndProject
Global
	GlobalSection(SolutionConfigurationPlatforms) = preSolution
		Debug|Any CPU = Debug|Any CPU
		Debug|x64 = Debug|x64
		Release|Any CPU = Release|Any CPU
		Release|x64 = Release|x64
	EndGlobalSection
	GlobalSection(ProjectConfigurationPlatforms) = postSolution
		{ED5E7453-09D1-4E86-9E7D-761661B39FD6}.Debug|Any CPU.ActiveCfg = Debug|Any CPU
		{ED5E7453-09D1-4E86-9E7D-761661B39FD6}.Debug|Any CPU.Build.0 = Debug|Any CPU
		{ED5E7453-09D1-4E86-9E7D-761661B39FD6}.Debug|x64.ActiveCfg = Debug|x64
		{ED5E7453-09D1-4E86-9E7D-761661B39FD6}.Debug|x64.Build.0 = Debug|x64
		{ED5E7453-09D1-4E86-9E7D-761661B39FD6}.Release|Any CPU.ActiveCfg = Release|Any CPU
		{ED5E7453-09D1-4E86-9E7D-761661B39FD6}.Release|Any CPU.Build.0 = Release|Any CPU
		{ED5E7453-09D1-4E86-9E7D-761661B39FD6}.Release|x64.ActiveCfg = Release|x64
		{ED5E7453-09D1-4E86-9E7D-761661B39FD6}.Release|x64.Build.0 = Release|x64
	EndGlobalSection
	GlobalSection(SolutionProperties) = preSolution
		HideSolutionNode = FALSE
	EndGlobalSection
	GlobalSection(ExtensibilityGlobals) = postSolution
		SolutionGuid = {A969E9ED-5CED-47D3-ABA2-178E9575B70B}
	EndGlobalSection
EndGlobal
